// !$*UTF8*$!
{
	archiveVersion = 1;
	classes = {
	};
	objectVersion = 46;
	objects = {

/* Begin PBXBuildFile section */
		8DB75B4D1D3E21C600AC20CA /* main.m in Sources */ = {isa = PBXBuildFile; fileRef = 8DB75B4C1D3E21C600AC20CA /* main.m */; };
		8DB75B501D3E21C600AC20CA /* AppDelegate.m in Sources */ = {isa = PBXBuildFile; fileRef = 8DB75B4F1D3E21C600AC20CA /* AppDelegate.m */; };
		8DB75B531D3E21C600AC20CA /* ViewController.m in Sources */ = {isa = PBXBuildFile; fileRef = 8DB75B521D3E21C600AC20CA /* ViewController.m */; };
		8DB75B561D3E21C600AC20CA /* Main.storyboard in Resources */ = {isa = PBXBuildFile; fileRef = 8DB75B541D3E21C600AC20CA /* Main.storyboard */; };
		8DB75B581D3E21C600AC20CA /* Assets.xcassets in Resources */ = {isa = PBXBuildFile; fileRef = 8DB75B571D3E21C600AC20CA /* Assets.xcassets */; };
		8DB75B5B1D3E21C600AC20CA /* LaunchScreen.storyboard in Resources */ = {isa = PBXBuildFile; fileRef = 8DB75B591D3E21C600AC20CA /* LaunchScreen.storyboard */; };
		8DB75B661D3E21C600AC20CA /* AddshoppingCartTests.m in Sources */ = {isa = PBXBuildFile; fileRef = 8DB75B651D3E21C600AC20CA /* AddshoppingCartTests.m */; };
		8DB75B711D3E21C600AC20CA /* AddshoppingCartUITests.m in Sources */ = {isa = PBXBuildFile; fileRef = 8DB75B701D3E21C600AC20CA /* AddshoppingCartUITests.m */; };
/* End PBXBuildFile section */

/* Begin PBXContainerItemProxy section */
		8DB75B621D3E21C600AC20CA /* PBXContainerItemProxy */ = {
			isa = PBXContainerItemProxy;
			containerPortal = 8DB75B401D3E21C600AC20CA /* Project object */;
			proxyType = 1;
			remoteGlobalIDString = 8DB75B471D3E21C600AC20CA;
			remoteInfo = AddshoppingCart;
		};
		8DB75B6D1D3E21C600AC20CA /* PBXContainerItemProxy */ = {
			isa = PBXContainerItemProxy;
			containerPortal = 8DB75B401D3E21C600AC20CA /* Project object */;
			proxyType = 1;
			remoteGlobalIDString = 8DB75B471D3E21C600AC20CA;
			remoteInfo = AddshoppingCart;
		};
/* End PBXContainerItemProxy section */

/* Begin PBXFileReference section */
		8DB75B481D3E21C600AC20CA /* AddshoppingCart.app */ = {isa = PBXFileReference; explicitFileType = wrapper.application; includeInIndex = 0; path = AddshoppingCart.app; sourceTree = BUILT_PRODUCTS_DIR; };
		8DB75B4C1D3E21C600AC20CA /* main.m */ = {isa = PBXFileReference; lastKnownFileType = sourcecode.c.objc; path = main.m; sourceTree = "<group>"; };
		8DB75B4E1D3E21C600AC20CA /* AppDelegate.h */ = {isa = PBXFileReference; lastKnownFileType = sourcecode.c.h; path = AppDelegate.h; sourceTree = "<group>"; };
		8DB75B4F1D3E21C600AC20CA /* AppDelegate.m */ = {isa = PBXFileReference; lastKnownFileType = sourcecode.c.objc; path = AppDelegate.m; sourceTree = "<group>"; };
		8DB75B511D3E21C600AC20CA /* ViewController.h */ = {isa = PBXFileReference; lastKnownFileType = sourcecode.c.h; path = ViewController.h; sourceTree = "<group>"; };
		8DB75B521D3E21C600AC20CA /* ViewController.m */ = {isa = PBXFileReference; lastKnownFileType = sourcecode.c.objc; path = ViewController.m; sourceTree = "<group>"; };
		8DB75B551D3E21C600AC20CA /* Base */ = {isa = PBXFileReference; lastKnownFileType = file.storyboard; name = Base; path = Base.lproj/Main.storyboard; sourceTree = "<group>"; };
		8DB75B571D3E21C600AC20CA /* Assets.xcassets */ = {isa = PBXFileReference; lastKnownFileType = folder.assetcatalog; path = Assets.xcassets; sourceTree = "<group>"; };
		8DB75B5A1D3E21C600AC20CA /* Base */ = {isa = PBXFileReference; lastKnownFileType = file.storyboard; name = Base; path = Base.lproj/LaunchScreen.storyboard; sourceTree = "<group>"; };
		8DB75B5C1D3E21C600AC20CA /* Info.plist */ = {isa = PBXFileReference; lastKnownFileType = text.plist.xml; path = Info.plist; sourceTree = "<group>"; };
		8DB75B611D3E21C600AC20CA /* AddshoppingCartTests.xctest */ = {isa = PBXFileReference; explicitFileType = wrapper.cfbundle; includeInIndex = 0; path = AddshoppingCartTests.xctest; sourceTree = BUILT_PRODUCTS_DIR; };
		8DB75B651D3E21C600AC20CA /* AddshoppingCartTests.m */ = {isa = PBXFileReference; lastKnownFileType = sourcecode.c.objc; path = AddshoppingCartTests.m; sourceTree = "<group>"; };
		8DB75B671D3E21C600AC20CA /* Info.plist */ = {isa = PBXFileReference; lastKnownFileType = text.plist.xml; path = Info.plist; sourceTree = "<group>"; };
		8DB75B6C1D3E21C600AC20CA /* AddshoppingCartUITests.xctest */ = {isa = PBXFileReference; explicitFileType = wrapper.cfbundle; includeInIndex = 0; path = AddshoppingCartUITests.xctest; sourceTree = BUILT_PRODUCTS_DIR; };
		8DB75B701D3E21C600AC20CA /* AddshoppingCartUITests.m */ = {isa = PBXFileReference; lastKnownFileType = sourcecode.c.objc; path = AddshoppingCartUITests.m; sourceTree = "<group>"; };
		8DB75B721D3E21C600AC20CA /* Info.plist */ = {isa = PBXFileReference; lastKnownFileType = text.plist.xml; path = Info.plist; sourceTree = "<group>"; };
/* End PBXFileReference section */

/* Begin PBXFrameworksBuildPhase section */
		8DB75B451D3E21C600AC20CA /* Frameworks */ = {
			isa = PBXFrameworksBuildPhase;
			buildActionMask = 2147483647;
			files = (
			);
			runOnlyForDeploymentPostprocessing = 0;
		};
		8DB75B5E1D3E21C600AC20CA /* Frameworks */ = {
			isa = PBXFrameworksBuildPhase;
			buildActionMask = 2147483647;
			files = (
			);
			runOnlyForDeploymentPostprocessing = 0;
		};
		8DB75B691D3E21C600AC20CA /* Frameworks */ = {
			isa = PBXFrameworksBuildPhase;
			buildActionMask = 2147483647;
			files = (
			);
			runOnlyForDeploymentPostprocessing = 0;
		};
/* End PBXFrameworksBuildPhase section */

/* Begin PBXGroup section */
		8DB75B3F1D3E21C600AC20CA = {
			isa = PBXGroup;
			children = (
				8DB75B4A1D3E21C600AC20CA /* AddshoppingCart */,
				8DB75B641D3E21C600AC20CA /* AddshoppingCartTests */,
				8DB75B6F1D3E21C600AC20CA /* AddshoppingCartUITests */,
				8DB75B491D3E21C600AC20CA /* Products */,
			);
			sourceTree = "<group>";
		};
		8DB75B491D3E21C600AC20CA /* Products */ = {
			isa = PBXGroup;
			children = (
				8DB75B481D3E21C600AC20CA /* AddshoppingCart.app */,
				8DB75B611D3E21C600AC20CA /* AddshoppingCartTests.xctest */,
				8DB75B6C1D3E21C600AC20CA /* AddshoppingCartUITests.xctest */,
			);
			name = Products;
			sourceTree = "<group>";
		};
		8DB75B4A1D3E21C600AC20CA /* AddshoppingCart */ = {
			isa = PBXGroup;
			children = (
				8DB75B4E1D3E21C600AC20CA /* AppDelegate.h */,
				8DB75B4F1D3E21C600AC20CA /* AppDelegate.m */,
				8DB75B511D3E21C600AC20CA /* ViewController.h */,
				8DB75B521D3E21C600AC20CA /* ViewController.m */,
				8DB75B541D3E21C600AC20CA /* Main.storyboard */,
				8DB75B571D3E21C600AC20CA /* Assets.xcassets */,
				8DB75B591D3E21C600AC20CA /* LaunchScreen.storyboard */,
				8DB75B5C1D3E21C600AC20CA /* Info.plist */,
				8DB75B4B1D3E21C600AC20CA /* Supporting Files */,
			);
			path = AddshoppingCart;
			sourceTree = "<group>";
		};
		8DB75B4B1D3E21C600AC20CA /* Supporting Files */ = {
			isa = PBXGroup;
			children = (
				8DB75B4C1D3E21C600AC20CA /* main.m */,
			);
			name = "Supporting Files";
			sourceTree = "<group>";
		};
		8DB75B641D3E21C600AC20CA /* AddshoppingCartTests */ = {
			isa = PBXGroup;
			children = (
				8DB75B651D3E21C600AC20CA /* AddshoppingCartTests.m */,
				8DB75B671D3E21C600AC20CA /* Info.plist */,
			);
			path = AddshoppingCartTests;
			sourceTree = "<group>";
		};
		8DB75B6F1D3E21C600AC20CA /* AddshoppingCartUITests */ = {
			isa = PBXGroup;
			children = (
				8DB75B701D3E21C600AC20CA /* AddshoppingCartUITests.m */,
				8DB75B721D3E21C600AC20CA /* Info.plist */,
			);
			path = AddshoppingCartUITests;
			sourceTree = "<group>";
		};
/* End PBXGroup section */

/* Begin PBXNativeTarget section */
		8DB75B471D3E21C600AC20CA /* AddshoppingCart */ = {
			isa = PBXNativeTarget;
			buildConfigurationList = 8DB75B751D3E21C600AC20CA /* Build configuration list for PBXNativeTarget "AddshoppingCart" */;
			buildPhases = (
				8DB75B441D3E21C600AC20CA /* Sources */,
				8DB75B451D3E21C600AC20CA /* Frameworks */,
				8DB75B461D3E21C600AC20CA /* Resources */,
			);
			buildRules = (
			);
			dependencies = (
			);
			name = AddshoppingCart;
			productName = AddshoppingCart;
			productReference = 8DB75B481D3E21C600AC20CA /* AddshoppingCart.app */;
			productType = "com.apple.product-type.application";
		};
		8DB75B601D3E21C600AC20CA /* AddshoppingCartTests */ = {
			isa = PBXNativeTarget;
			buildConfigurationList = 8DB75B781D3E21C600AC20CA /* Build configuration list for PBXNativeTarget "AddshoppingCartTests" */;
			buildPhases = (
				8DB75B5D1D3E21C600AC20CA /* Sources */,
				8DB75B5E1D3E21C600AC20CA /* Frameworks */,
				8DB75B5F1D3E21C600AC20CA /* Resources */,
			);
			buildRules = (
			);
			dependencies = (
				8DB75B631D3E21C600AC20CA /* PBXTargetDependency */,
			);
			name = AddshoppingCartTests;
			productName = AddshoppingCartTests;
			productReference = 8DB75B611D3E21C600AC20CA /* AddshoppingCartTests.xctest */;
			productType = "com.apple.product-type.bundle.unit-test";
		};
		8DB75B6B1D3E21C600AC20CA /* AddshoppingCartUITests */ = {
			isa = PBXNativeTarget;
			buildConfigurationList = 8DB75B7B1D3E21C600AC20CA /* Build configuration list for PBXNativeTarget "AddshoppingCartUITests" */;
			buildPhases = (
				8DB75B681D3E21C600AC20CA /* Sources */,
				8DB75B691D3E21C600AC20CA /* Frameworks */,
				8DB75B6A1D3E21C600AC20CA /* Resources */,
			);
			buildRules = (
			);
			dependencies = (
				8DB75B6E1D3E21C600AC20CA /* PBXTargetDependency */,
			);
			name = AddshoppingCartUITests;
			productName = AddshoppingCartUITests;
			productReference = 8DB75B6C1D3E21C600AC20CA /* AddshoppingCartUITests.xctest */;
			productType = "com.apple.product-type.bundle.ui-testing";
		};
/* End PBXNativeTarget section */

/* Begin PBXProject section */
		8DB75B401D3E21C600AC20CA /* Project object */ = {
			isa = PBXProject;
			attributes = {
				LastUpgradeCheck = 0730;
				ORGANIZATIONNAME = Raymon;
				TargetAttributes = {
					8DB75B471D3E21C600AC20CA = {
						CreatedOnToolsVersion = 7.3.1;
					};
					8DB75B601D3E21C600AC20CA = {
						CreatedOnToolsVersion = 7.3.1;
						TestTargetID = 8DB75B471D3E21C600AC20CA;
					};
					8DB75B6B1D3E21C600AC20CA = {
						CreatedOnToolsVersion = 7.3.1;
						TestTargetID = 8DB75B471D3E21C600AC20CA;
					};
				};
			};
			buildConfigurationList = 8DB75B431D3E21C600AC20CA /* Build configuration list for PBXProject "AddshoppingCart" */;
			compatibilityVersion = "Xcode 3.2";
			developmentRegion = English;
			hasScannedForEncodings = 0;
			knownRegions = (
				en,
				Base,
			);
			mainGroup = 8DB75B3F1D3E21C600AC20CA;
			productRefGroup = 8DB75B491D3E21C600AC20CA /* Products */;
			projectDirPath = "";
			projectRoot = "";
			targets = (
				8DB75B471D3E21C600AC20CA /* AddshoppingCart */,
				8DB75B601D3E21C600AC20CA /* AddshoppingCartTests */,
				8DB75B6B1D3E21C600AC20CA /* AddshoppingCartUITests */,
			);
		};
/* End PBXProject section */

/* Begin PBXResourcesBuildPhase section */
		8DB75B461D3E21C600AC20CA /* Resources */ = {
			isa = PBXResourcesBuildPhase;
			buildActionMask = 2147483647;
			files = (
				8DB75B5B1D3E21C600AC20CA /* LaunchScreen.storyboard in Resources */,
				8DB75B581D3E21C600AC20CA /* Assets.xcassets in Resources */,
				8DB75B561D3E21C600AC20CA /* Main.storyboard in Resources */,
			);
			runOnlyForDeploymentPostprocessing = 0;
		};
		8DB75B5F1D3E21C600AC20CA /* Resources */ = {
			isa = PBXResourcesBuildPhase;
			buildActionMask = 2147483647;
			files = (
			);
			runOnlyForDeploymentPostprocessing = 0;
		};
		8DB75B6A1D3E21C600AC20CA /* Resources */ = {
			isa = PBXResourcesBuildPhase;
			buildActionMask = 2147483647;
			files = (
			);
			runOnlyForDeploymentPostprocessing = 0;
		};
/* End PBXResourcesBuildPhase section */

/* Begin PBXSourcesBuildPhase section */
		8DB75B441D3E21C600AC20CA /* Sources */ = {
			isa = PBXSourcesBuildPhase;
			buildActionMask = 2147483647;
			files = (
				8DB75B531D3E21C600AC20CA /* ViewController.m in Sources */,
				8DB75B501D3E21C600AC20CA /* AppDelegate.m in Sources */,
				8DB75B4D1D3E21C600AC20CA /* main.m in Sources */,
			);
			runOnlyForDeploymentPostprocessing = 0;
		};
		8DB75B5D1D3E21C600AC20CA /* Sources */ = {
			isa = PBXSourcesBuildPhase;
			buildActionMask = 2147483647;
			files = (
				8DB75B661D3E21C600AC20CA /* AddshoppingCartTests.m in Sources */,
			);
			runOnlyForDeploymentPostprocessing = 0;
		};
		8DB75B681D3E21C600AC20CA /* Sources */ = {
			isa = PBXSourcesBuildPhase;
			buildActionMask = 2147483647;
			files = (
				8DB75B711D3E21C600AC20CA /* AddshoppingCartUITests.m in Sources */,
			);
			runOnlyForDeploymentPostprocessing = 0;
		};
/* End PBXSourcesBuildPhase section */

/* Begin PBXTargetDependency section */
		8DB75B631D3E21C600AC20CA /* PBXTargetDependency */ = {
			isa = PBXTargetDependency;
			target = 8DB75B471D3E21C600AC20CA /* AddshoppingCart */;
			targetProxy = 8DB75B621D3E21C600AC20CA /* PBXContainerItemProxy */;
		};
		8DB75B6E1D3E21C600AC20CA /* PBXTargetDependency */ = {
			isa = PBXTargetDependency;
			target = 8DB75B471D3E21C600AC20CA /* AddshoppingCart */;
			targetProxy = 8DB75B6D1D3E21C600AC20CA /* PBXContainerItemProxy */;
		};
/* End PBXTargetDependency section */

/* Begin PBXVariantGroup section */
		8DB75B541D3E21C600AC20CA /* Main.storyboard */ = {
			isa = PBXVariantGroup;
			children = (
				8DB75B551D3E21C600AC20CA /* Base */,
			);
			name = Main.storyboard;
			sourceTree = "<group>";
		};
		8DB75B591D3E21C600AC20CA /* LaunchScreen.storyboard */ = {
			isa = PBXVariantGroup;
			children = (
				8DB75B5A1D3E21C600AC20CA /* Base */,
			);
			name = LaunchScreen.storyboard;
			sourceTree = "<group>";
		};
/* End PBXVariantGroup section */

/* Begin XCBuildConfiguration section */
		8DB75B731D3E21C600AC20CA /* Debug */ = {
			isa = XCBuildConfiguration;
			buildSettings = {
				ALWAYS_SEARCH_USER_PATHS = NO;
				CLANG_ANALYZER_NONNULL = YES;
				CLANG_CXX_LANGUAGE_STANDARD = "gnu++0x";
				CLANG_CXX_LIBRARY = "libc++";
				CLANG_ENABLE_MODULES = YES;
				CLANG_ENABLE_OBJC_ARC = YES;
				CLANG_WARN_BOOL_CONVERSION = YES;
				CLANG_WARN_CONSTANT_CONVERSION = YES;
				CLANG_WARN_DIRECT_OBJC_ISA_USAGE = YES_ERROR;
				CLANG_WARN_EMPTY_BODY = YES;
				CLANG_WARN_ENUM_CONVERSION = YES;
				CLANG_WARN_INT_CONVERSION = YES;
				CLANG_WARN_OBJC_ROOT_CLASS = YES_ERROR;
				CLANG_WARN_UNREACHABLE_CODE = YES;
				CLANG_WARN__DUPLICATE_METHOD_MATCH = YES;
				"CODE_SIGN_IDENTITY[sdk=iphoneos*]" = "iPhone Developer";
				COPY_PHASE_STRIP = NO;
				DEBUG_INFORMATION_FORMAT = dwarf;
				ENABLE_STRICT_OBJC_MSGSEND = YES;
				ENABLE_TESTABILITY = YES;
				GCC_C_LANGUAGE_STANDARD = gnu99;
				GCC_DYNAMIC_NO_PIC = NO;
				GCC_NO_COMMON_BLOCKS = YES;
				GCC_OPTIMIZATION_LEVEL = 0;
				GCC_PREPROCESSOR_DEFINITIONS = (
					"DEBUG=1",
					"$(inherited)",
				);
				GCC_WARN_64_TO_32_BIT_CONVERSION = YES;
				GCC_WARN_ABOUT_RETURN_TYPE = YES_ERROR;
				GCC_WARN_UNDECLARED_SELECTOR = YES;
				GCC_WARN_UNINITIALIZED_AUTOS = YES_AGGRESSIVE;
				GCC_WARN_UNUSED_FUNCTION = YES;
				GCC_WARN_UNUSED_VARIABLE = YES;
				IPHONEOS_DEPLOYMENT_TARGET = 9.3;
				MTL_ENABLE_DEBUG_INFO = YES;
				ONLY_ACTIVE_ARCH = YES;
				SDKROOT = iphoneos;
				TARGETED_DEVICE_FAMILY = "1,2";
			};
			name = Debug;
		};
		8DB75B741D3E21C600AC20CA /* Release */ = {
			isa = XCBuildConfiguration;
			buildSettings = {
				ALWAYS_SEARCH_USER_PATHS = NO;
				CLANG_ANALYZER_NONNULL = YES;
				CLANG_CXX_LANGUAGE_STANDARD = "gnu++0x";
				CLANG_CXX_LIBRARY = "libc++";
				CLANG_ENABLE_MODULES = YES;
				CLANG_ENABLE_OBJC_ARC = YES;
				CLANG_WARN_BOOL_CONVERSION = YES;
				CLANG_WARN_CONSTANT_CONVERSION = YES;
				CLANG_WARN_DIRECT_OBJC_ISA_USAGE = YES_ERROR;
				CLANG_WARN_EMPTY_BODY = YES;
				CLANG_WARN_ENUM_CONVERSION = YES;
				CLANG_WARN_INT_CONVERSION = YES;
				CLANG_WARN_OBJC_ROOT_CLASS = YES_ERROR;
				CLANG_WARN_UNREACHABLE_CODE = YES;
				CLANG_WARN__DUPLICATE_METHOD_MATCH = YES;
				"CODE_SIGN_IDENTITY[sdk=iphoneos*]" = "iPhone Developer";
				COPY_PHASE_STRIP = NO;
				DEBUG_INFORMATION_FORMAT = "dwarf-with-dsym";
				ENABLE_NS_ASSERTIONS = NO;
				ENABLE_STRICT_OBJC_MSGSEND = YES;
				GCC_C_LANGUAGE_STANDARD = gnu99;
				GCC_NO_COMMON_BLOCKS = YES;
				GCC_WARN_64_TO_32_BIT_CONVERSION = YES;
				GCC_WARN_ABOUT_RETURN_TYPE = YES_ERROR;
				GCC_WARN_UNDECLARED_SELECTOR = YES;
				GCC_WARN_UNINITIALIZED_AUTOS = YES_AGGRESSIVE;
				GCC_WARN_UNUSED_FUNCTION = YES;
				GCC_WARN_UNUSED_VARIABLE = YES;
				IPHONEOS_DEPLOYMENT_TARGET = 9.3;
				MTL_ENABLE_DEBUG_INFO = NO;
				SDKROOT = iphoneos;
				TARGETED_DEVICE_FAMILY = "1,2";
				VALIDATE_PRODUCT = YES;
			};
			name = Release;
		};
		8DB75B761D3E21C600AC20CA /* Debug */ = {
			isa = XCBuildConfiguration;
			buildSettings = {
				ASSETCATALOG_COMPILER_APPICON_NAME = AppIcon;
				INFOPLIST_FILE = AddshoppingCart/Info.plist;
				LD_RUNPATH_SEARCH_PATHS = "$(inherited) @executable_path/Frameworks";
				PRODUCT_BUNDLE_IDENTIFIER = com.Raymon.AddshoppingCart;
				PRODUCT_NAME = "$(TARGET_NAME)";
			};
			name = Debug;
		};
		8DB75B771D3E21C600AC20CA /* Release */ = {
			isa = XCBuildConfiguration;
			buildSettings = {
				ASSETCATALOG_COMPILER_APPICON_NAME = AppIcon;
				INFOPLIST_FILE = AddshoppingCart/Info.plist;
				LD_RUNPATH_SEARCH_PATHS = "$(inherited) @executable_path/Frameworks";
				PRODUCT_BUNDLE_IDENTIFIER = com.Raymon.AddshoppingCart;
				PRODUCT_NAME = "$(TARGET_NAME)";
			};
			name = Release;
		};
		8DB75B791D3E21C600AC20CA /* Debug */ = {
			isa = XCBuildConfiguration;
			buildSettings = {
				BUNDLE_LOADER = "$(TEST_HOST)";
				INFOPLIST_FILE = AddshoppingCartTests/Info.plist;
				LD_RUNPATH_SEARCH_PATHS = "$(inherited) @executable_path/Frameworks @loader_path/Frameworks";
				PRODUCT_BUNDLE_IDENTIFIER = com.Raymon.AddshoppingCartTests;
				PRODUCT_NAME = "$(TARGET_NAME)";
				TEST_HOST = "$(BUILT_PRODUCTS_DIR)/AddshoppingCart.app/AddshoppingCart";
			};
			name = Debug;
		};
		8DB75B7A1D3E21C600AC20CA /* Release */ = {
			isa = XCBuildConfiguration;
			buildSettings = {
				BUNDLE_LOADER = "$(TEST_HOST)";
				INFOPLIST_FILE = AddshoppingCartTests/Info.plist;
				LD_RUNPATH_SEARCH_PATHS = "$(inherited) @executable_path/Frameworks @loader_path/Frameworks";
				PRODUCT_BUNDLE_IDENTIFIER = com.Raymon.AddshoppingCartTests;
				PRODUCT_NAME = "$(TARGET_NAME)";
				TEST_HOST = "$(BUILT_PRODUCTS_DIR)/AddshoppingCart.app/AddshoppingCart";
			};
			name = Release;
		};
		8DB75B7C1D3E21C600AC20CA /* Debug */ = {
			isa = XCBuildConfiguration;
			buildSettings = {
				INFOPLIST_FILE = AddshoppingCartUITests/Info.plist;
				LD_RUNPATH_SEARCH_PATHS = "$(inherited) @executable_path/Frameworks @loader_path/Frameworks";
				PRODUCT_BUNDLE_IDENTIFIER = com.Raymon.AddshoppingCartUITests;
				PRODUCT_NAME = "$(TARGET_NAME)";
				TEST_TARGET_NAME = AddshoppingCart;
			};
			name = Debug;
		};
		8DB75B7D1D3E21C600AC20CA /* Release */ = {
			isa = XCBuildConfiguration;
			buildSettings = {
				INFOPLIST_FILE = AddshoppingCartUITests/Info.plist;
				LD_RUNPATH_SEARCH_PATHS = "$(inherited) @executable_path/Frameworks @loader_path/Frameworks";
				PRODUCT_BUNDLE_IDENTIFIER = com.Raymon.AddshoppingCartUITests;
				PRODUCT_NAME = "$(TARGET_NAME)";
				TEST_TARGET_NAME = AddshoppingCart;
			};
			name = Release;
		};
/* End XCBuildConfiguration section */

/* Begin XCConfigurationList section */
		8DB75B431D3E21C600AC20CA /* Build configuration list for PBXProject "AddshoppingCart" */ = {
			isa = XCConfigurationList;
			buildConfigurations = (
				8DB75B731D3E21C600AC20CA /* Debug */,
				8DB75B741D3E21C600AC20CA /* Release */,
			);
			defaultConfigurationIsVisible = 0;
			defaultConfigurationName = Release;
		};
		8DB75B751D3E21C600AC20CA /* Build configuration list for PBXNativeTarget "AddshoppingCart" */ = {
			isa = XCConfigurationList;
			buildConfigurations = (
				8DB75B761D3E21C600AC20CA /* Debug */,
				8DB75B771D3E21C600AC20CA /* Release */,
			);
			defaultConfigurationIsVisible = 0;
		};
		8DB75B781D3E21C600AC20CA /* Build configuration list for PBXNativeTarget "AddshoppingCartTests" */ = {
			isa = XCConfigurationList;
			buildConfigurations = (
				8DB75B791D3E21C600AC20CA /* Debug */,
				8DB75B7A1D3E21C600AC20CA /* Release */,
			);
			defaultConfigurationIsVisible = 0;
		};
		8DB75B7B1D3E21C600AC20CA /* Build configuration list for PBXNativeTarget "AddshoppingCartUITests" */ = {
			isa = XCConfigurationList;
			buildConfigurations = (
				8DB75B7C1D3E21C600AC20CA /* Debug */,
				8DB75B7D1D3E21C600AC20CA /* Release */,
			);
			defaultConfigurationIsVisible = 0;
		};
/* End XCConfigurationList section */
	};
	rootObject = 8DB75B401D3E21C600AC20CA /* Project object */;
}
